// !$*UTF8*$!
{
	archiveVersion = 1;
	classes = {
	};
	objectVersion = 46;
	objects = {

/* Begin PBXBuildFile section */
		3F35FA0017B7EEEF0029584F /* Cocoa.framework in Frameworks */ = {isa = PBXBuildFile; fileRef = 3F35F9FF17B7EEEF0029584F /* Cocoa.framework */; };
		3F35FA0A17B7EEEF0029584F /* InfoPlist.strings in Resources */ = {isa = PBXBuildFile; fileRef = 3F35FA0817B7EEEF0029584F /* InfoPlist.strings */; };
		3F35FA0C17B7EEEF0029584F /* main.m in Sources */ = {isa = PBXBuildFile; fileRef = 3F35FA0B17B7EEEF0029584F /* main.m */; };
		3F35FA1017B7EEEF0029584F /* Credits.rtf in Resources */ = {isa = PBXBuildFile; fileRef = 3F35FA0E17B7EEEF0029584F /* Credits.rtf */; };
		3F35FA1317B7EEEF0029584F /* SMAppDelegate.m in Sources */ = {isa = PBXBuildFile; fileRef = 3F35FA1217B7EEEF0029584F /* SMAppDelegate.m */; };
		3F35FA1617B7EEEF0029584F /* MainMenu.xib in Resources */ = {isa = PBXBuildFile; fileRef = 3F35FA1417B7EEEF0029584F /* MainMenu.xib */; };
		3F35FA3B17B7F0060029584F /* NIAgent.m in Sources */ = {isa = PBXBuildFile; fileRef = 3F35FA2D17B7F0060029584F /* NIAgent.m */; };
		3F35FA3C17B7F0060029584F /* NIAgentClient.m in Sources */ = {isa = PBXBuildFile; fileRef = 3F35FA2E17B7F0060029584F /* NIAgentClient.m */; };
		3F35FA3D17B7F0060029584F /* NIClient.m in Sources */ = {isa = PBXBuildFile; fileRef = 3F35FA2F17B7F0060029584F /* NIClient.m */; };
		3F35FA3E17B7F0060029584F /* NIControllerNotificationServer.m in Sources */ = {isa = PBXBuildFile; fileRef = 3F35FA3017B7F0060029584F /* NIControllerNotificationServer.m */; };
		3F35FA3F17B7F0060029584F /* NIControllerRequestClient.m in Sources */ = {isa = PBXBuildFile; fileRef = 3F35FA3117B7F0060029584F /* NIControllerRequestClient.m */; };
		3F35FA4017B7F0060029584F /* NIControllerRequestServer.m in Sources */ = {isa = PBXBuildFile; fileRef = 3F35FA3217B7F0060029584F /* NIControllerRequestServer.m */; };
		3F35FA4117B7F0060029584F /* NIImageConversions.m in Sources */ = {isa = PBXBuildFile; fileRef = 3F35FA3317B7F0060029584F /* NIImageConversions.m */; };
		3F35FA4217B7F0060029584F /* NIMainHandlerClient.m in Sources */ = {isa = PBXBuildFile; fileRef = 3F35FA3417B7F0060029584F /* NIMainHandlerClient.m */; };
		3F35FA4317B7F0060029584F /* NIMainHandlerServer.m in Sources */ = {isa = PBXBuildFile; fileRef = 3F35FA3517B7F0060029584F /* NIMainHandlerServer.m */; };
		3F35FA4417B7F0060029584F /* NIMessage.m in Sources */ = {isa = PBXBuildFile; fileRef = 3F35FA3617B7F0060029584F /* NIMessage.m */; };
		3F35FA4517B7F0060029584F /* NIMessageBases.m in Sources */ = {isa = PBXBuildFile; fileRef = 3F35FA3717B7F0060029584F /* NIMessageBases.m */; };
		3F35FA4617B7F0060029584F /* NIProtocolMessages.m in Sources */ = {isa = PBXBuildFile; fileRef = 3F35FA3817B7F0060029584F /* NIProtocolMessages.m */; };
		3F35FA4717B7F0060029584F /* NIResponse.m in Sources */ = {isa = PBXBuildFile; fileRef = 3F35FA3917B7F0060029584F /* NIResponse.m */; };
		3F35FA4817B7F0060029584F /* NIServer.m in Sources */ = {isa = PBXBuildFile; fileRef = 3F35FA3A17B7F0060029584F /* NIServer.m */; };
		3F35FA4B17B803690029584F /* SMController.m in Sources */ = {isa = PBXBuildFile; fileRef = 3F35FA4A17B803680029584F /* SMController.m */; };
		3F35FA4F17B80D530029584F /* LCLogicControl.m in Sources */ = {isa = PBXBuildFile; fileRef = 3F35FA4E17B80D530029584F /* LCLogicControl.m */; };
		3F35FA5117B812DF0029584F /* CoreMIDI.framework in Frameworks */ = {isa = PBXBuildFile; fileRef = 3F35FA5017B812DF0029584F /* CoreMIDI.framework */; };
/* End PBXBuildFile section */

/* Begin PBXFileReference section */
		3F35F9FC17B7EEEF0029584F /* SalaMacchine.app */ = {isa = PBXFileReference; explicitFileType = wrapper.application; includeInIndex = 0; path = SalaMacchine.app; sourceTree = BUILT_PRODUCTS_DIR; };
		3F35F9FF17B7EEEF0029584F /* Cocoa.framework */ = {isa = PBXFileReference; lastKnownFileType = wrapper.framework; name = Cocoa.framework; path = System/Library/Frameworks/Cocoa.framework; sourceTree = SDKROOT; };
		3F35FA0217B7EEEF0029584F /* AppKit.framework */ = {isa = PBXFileReference; lastKnownFileType = wrapper.framework; name = AppKit.framework; path = System/Library/Frameworks/AppKit.framework; sourceTree = SDKROOT; };
		3F35FA0417B7EEEF0029584F /* Foundation.framework */ = {isa = PBXFileReference; lastKnownFileType = wrapper.framework; name = Foundation.framework; path = System/Library/Frameworks/Foundation.framework; sourceTree = SDKROOT; };
		3F35FA0717B7EEEF0029584F /* SalaMacchine-Info.plist */ = {isa = PBXFileReference; lastKnownFileType = text.plist.xml; name = "SalaMacchine-Info.plist"; path = "SalaMacchine/SalaMacchine-Info.plist"; sourceTree = "<group>"; };
		3F35FA0917B7EEEF0029584F /* en */ = {isa = PBXFileReference; lastKnownFileType = text.plist.strings; name = en; path = en.lproj/InfoPlist.strings; sourceTree = "<group>"; };
		3F35FA0B17B7EEEF0029584F /* main.m */ = {isa = PBXFileReference; lastKnownFileType = sourcecode.c.objc; path = main.m; sourceTree = "<group>"; };
		3F35FA0D17B7EEEF0029584F /* SalaMacchine-Prefix.pch */ = {isa = PBXFileReference; lastKnownFileType = sourcecode.c.h; path = "SalaMacchine-Prefix.pch"; sourceTree = "<group>"; };
		3F35FA0F17B7EEEF0029584F /* en */ = {isa = PBXFileReference; lastKnownFileType = text.rtf; name = en; path = en.lproj/Credits.rtf; sourceTree = "<group>"; };
		3F35FA1117B7EEEF0029584F /* SMAppDelegate.h */ = {isa = PBXFileReference; lastKnownFileType = sourcecode.c.h; path = SMAppDelegate.h; sourceTree = "<group>"; };
		3F35FA1217B7EEEF0029584F /* SMAppDelegate.m */ = {isa = PBXFileReference; lastKnownFileType = sourcecode.c.objc; path = SMAppDelegate.m; sourceTree = "<group>"; };
		3F35FA1517B7EEEF0029584F /* en */ = {isa = PBXFileReference; lastKnownFileType = file.xib; name = en; path = en.lproj/MainMenu.xib; sourceTree = "<group>"; };
		3F35FA1E17B7F0060029584F /* NIAgent.h */ = {isa = PBXFileReference; fileEncoding = 4; lastKnownFileType = sourcecode.c.h; path = NIAgent.h; sourceTree = "<group>"; };
		3F35FA1F17B7F0060029584F /* NIAgentClient.h */ = {isa = PBXFileReference; fileEncoding = 4; lastKnownFileType = sourcecode.c.h; path = NIAgentClient.h; sourceTree = "<group>"; };
		3F35FA2017B7F0060029584F /* NIClient.h */ = {isa = PBXFileReference; fileEncoding = 4; lastKnownFileType = sourcecode.c.h; path = NIClient.h; sourceTree = "<group>"; };
		3F35FA2117B7F0060029584F /* NIControllerNotificationServer.h */ = {isa = PBXFileReference; fileEncoding = 4; lastKnownFileType = sourcecode.c.h; path = NIControllerNotificationServer.h; sourceTree = "<group>"; };
		3F35FA2217B7F0060029584F /* NIControllerRequestClient.h */ = {isa = PBXFileReference; fileEncoding = 4; lastKnownFileType = sourcecode.c.h; path = NIControllerRequestClient.h; sourceTree = "<group>"; };
		3F35FA2317B7F0060029584F /* NIControllerRequestServer.h */ = {isa = PBXFileReference; fileEncoding = 4; lastKnownFileType = sourcecode.c.h; path = NIControllerRequestServer.h; sourceTree = "<group>"; };
		3F35FA2417B7F0060029584F /* NIImageConversions.h */ = {isa = PBXFileReference; fileEncoding = 4; lastKnownFileType = sourcecode.c.h; path = NIImageConversions.h; sourceTree = "<group>"; };
		3F35FA2517B7F0060029584F /* NIMainHandlerClient.h */ = {isa = PBXFileReference; fileEncoding = 4; lastKnownFileType = sourcecode.c.h; path = NIMainHandlerClient.h; sourceTree = "<group>"; };
		3F35FA2617B7F0060029584F /* NIMainHandlerServer.h */ = {isa = PBXFileReference; fileEncoding = 4; lastKnownFileType = sourcecode.c.h; path = NIMainHandlerServer.h; sourceTree = "<group>"; };
		3F35FA2717B7F0060029584F /* NIMessage.h */ = {isa = PBXFileReference; fileEncoding = 4; lastKnownFileType = sourcecode.c.h; path = NIMessage.h; sourceTree = "<group>"; };
		3F35FA2817B7F0060029584F /* NIMessageBases.h */ = {isa = PBXFileReference; fileEncoding = 4; lastKnownFileType = sourcecode.c.h; path = NIMessageBases.h; sourceTree = "<group>"; };
		3F35FA2917B7F0060029584F /* NIProtocolMessages.h */ = {isa = PBXFileReference; fileEncoding = 4; lastKnownFileType = sourcecode.c.h; path = NIProtocolMessages.h; sourceTree = "<group>"; };
		3F35FA2A17B7F0060029584F /* NIResponse.h */ = {isa = PBXFileReference; fileEncoding = 4; lastKnownFileType = sourcecode.c.h; path = NIResponse.h; sourceTree = "<group>"; };
		3F35FA2B17B7F0060029584F /* NIServer.h */ = {isa = PBXFileReference; fileEncoding = 4; lastKnownFileType = sourcecode.c.h; path = NIServer.h; sourceTree = "<group>"; };
		3F35FA2C17B7F0060029584F /* TestImage.h */ = {isa = PBXFileReference; fileEncoding = 4; lastKnownFileType = sourcecode.c.h; path = TestImage.h; sourceTree = "<group>"; };
		3F35FA2D17B7F0060029584F /* NIAgent.m */ = {isa = PBXFileReference; fileEncoding = 4; lastKnownFileType = sourcecode.c.objc; path = NIAgent.m; sourceTree = "<group>"; };
		3F35FA2E17B7F0060029584F /* NIAgentClient.m */ = {isa = PBXFileReference; fileEncoding = 4; lastKnownFileType = sourcecode.c.objc; path = NIAgentClient.m; sourceTree = "<group>"; };
		3F35FA2F17B7F0060029584F /* NIClient.m */ = {isa = PBXFileReference; fileEncoding = 4; lastKnownFileType = sourcecode.c.objc; path = NIClient.m; sourceTree = "<group>"; };
		3F35FA3017B7F0060029584F /* NIControllerNotificationServer.m */ = {isa = PBXFileReference; fileEncoding = 4; lastKnownFileType = sourcecode.c.objc; path = NIControllerNotificationServer.m; sourceTree = "<group>"; };
		3F35FA3117B7F0060029584F /* NIControllerRequestClient.m */ = {isa = PBXFileReference; fileEncoding = 4; lastKnownFileType = sourcecode.c.objc; path = NIControllerRequestClient.m; sourceTree = "<group>"; };
		3F35FA3217B7F0060029584F /* NIControllerRequestServer.m */ = {isa = PBXFileReference; fileEncoding = 4; lastKnownFileType = sourcecode.c.objc; path = NIControllerRequestServer.m; sourceTree = "<group>"; };
		3F35FA3317B7F0060029584F /* NIImageConversions.m */ = {isa = PBXFileReference; fileEncoding = 4; lastKnownFileType = sourcecode.c.objc; path = NIImageConversions.m; sourceTree = "<group>"; };
		3F35FA3417B7F0060029584F /* NIMainHandlerClient.m */ = {isa = PBXFileReference; fileEncoding = 4; lastKnownFileType = sourcecode.c.objc; path = NIMainHandlerClient.m; sourceTree = "<group>"; };
		3F35FA3517B7F0060029584F /* NIMainHandlerServer.m */ = {isa = PBXFileReference; fileEncoding = 4; lastKnownFileType = sourcecode.c.objc; path = NIMainHandlerServer.m; sourceTree = "<group>"; };
		3F35FA3617B7F0060029584F /* NIMessage.m */ = {isa = PBXFileReference; fileEncoding = 4; lastKnownFileType = sourcecode.c.objc; path = NIMessage.m; sourceTree = "<group>"; };
		3F35FA3717B7F0060029584F /* NIMessageBases.m */ = {isa = PBXFileReference; fileEncoding = 4; lastKnownFileType = sourcecode.c.objc; path = NIMessageBases.m; sourceTree = "<group>"; };
		3F35FA3817B7F0060029584F /* NIProtocolMessages.m */ = {isa = PBXFileReference; fileEncoding = 4; lastKnownFileType = sourcecode.c.objc; path = NIProtocolMessages.m; sourceTree = "<group>"; };
		3F35FA3917B7F0060029584F /* NIResponse.m */ = {isa = PBXFileReference; fileEncoding = 4; lastKnownFileType = sourcecode.c.objc; path = NIResponse.m; sourceTree = "<group>"; };
		3F35FA3A17B7F0060029584F /* NIServer.m */ = {isa = PBXFileReference; fileEncoding = 4; lastKnownFileType = sourcecode.c.objc; path = NIServer.m; sourceTree = "<group>"; };
		3F35FA4917B803680029584F /* SMController.h */ = {isa = PBXFileReference; fileEncoding = 4; lastKnownFileType = sourcecode.c.h; path = SMController.h; sourceTree = "<group>"; };
		3F35FA4A17B803680029584F /* SMController.m */ = {isa = PBXFileReference; fileEncoding = 4; lastKnownFileType = sourcecode.c.objc; path = SMController.m; sourceTree = "<group>"; };
		3F35FA4D17B80D530029584F /* LCLogicControl.h */ = {isa = PBXFileReference; fileEncoding = 4; lastKnownFileType = sourcecode.c.h; path = LCLogicControl.h; sourceTree = "<group>"; };
		3F35FA4E17B80D530029584F /* LCLogicControl.m */ = {isa = PBXFileReference; fileEncoding = 4; lastKnownFileType = sourcecode.c.objc; path = LCLogicControl.m; sourceTree = "<group>"; };
		3F35FA5017B812DF0029584F /* CoreMIDI.framework */ = {isa = PBXFileReference; lastKnownFileType = wrapper.framework; name = CoreMIDI.framework; path = System/Library/Frameworks/CoreMIDI.framework; sourceTree = SDKROOT; };
		3F35FA5417B81E820029584F /* LCLogicControlLayout.h */ = {isa = PBXFileReference; lastKnownFileType = sourcecode.c.h; path = LCLogicControlLayout.h; sourceTree = "<group>"; };
		3F35FA5517B828EA0029584F /* NIMaschineLayouts.h */ = {isa = PBXFileReference; lastKnownFileType = sourcecode.c.h; path = NIMaschineLayouts.h; sourceTree = "<group>"; };
/* End PBXFileReference section */

/* Begin PBXFrameworksBuildPhase section */
		3F35F9F917B7EEEF0029584F /* Frameworks */ = {
			isa = PBXFrameworksBuildPhase;
			buildActionMask = 2147483647;
			files = (
				3F35FA5117B812DF0029584F /* CoreMIDI.framework in Frameworks */,
				3F35FA0017B7EEEF0029584F /* Cocoa.framework in Frameworks */,
			);
			runOnlyForDeploymentPostprocessing = 0;
		};
/* End PBXFrameworksBuildPhase section */

/* Begin PBXGroup section */
		3F35F9F317B7EEEF0029584F = {
			isa = PBXGroup;
			children = (
				3F35FA0517B7EEEF0029584F /* Sources */,
				3F35FA1C17B7EEF90029584F /* Resources */,
				3F35F9FE17B7EEEF0029584F /* Frameworks */,
				3F35F9FD17B7EEEF0029584F /* Products */,
			);
			sourceTree = "<group>";
		};
		3F35F9FD17B7EEEF0029584F /* Products */ = {
			isa = PBXGroup;
			children = (
				3F35F9FC17B7EEEF0029584F /* SalaMacchine.app */,
			);
			name = Products;
			sourceTree = "<group>";
		};
		3F35F9FE17B7EEEF0029584F /* Frameworks */ = {
			isa = PBXGroup;
			children = (
				3F35FA0217B7EEEF0029584F /* AppKit.framework */,
				3F35FA0417B7EEEF0029584F /* Foundation.framework */,
				3F35F9FF17B7EEEF0029584F /* Cocoa.framework */,
				3F35FA5017B812DF0029584F /* CoreMIDI.framework */,
			);
			name = Frameworks;
			sourceTree = "<group>";
		};
		3F35FA0517B7EEEF0029584F /* Sources */ = {
			isa = PBXGroup;
			children = (
				3F35FA0617B7EEEF0029584F /* Boilerplate */,
				3F35FA1D17B7EFEF0029584F /* NI Protocol */,
				3F35FA4C17B80D420029584F /* Logic Control */,
				3F35FA4917B803680029584F /* SMController.h */,
				3F35FA4A17B803680029584F /* SMController.m */,
				3F35FA1117B7EEEF0029584F /* SMAppDelegate.h */,
				3F35FA1217B7EEEF0029584F /* SMAppDelegate.m */,
			);
			name = Sources;
			path = SalaMacchine;
			sourceTree = "<group>";
		};
		3F35FA0617B7EEEF0029584F /* Boilerplate */ = {
			isa = PBXGroup;
			children = (
				3F35FA0B17B7EEEF0029584F /* main.m */,
				3F35FA0D17B7EEEF0029584F /* SalaMacchine-Prefix.pch */,
			);
			name = Boilerplate;
			sourceTree = "<group>";
		};
		3F35FA1C17B7EEF90029584F /* Resources */ = {
			isa = PBXGroup;
			children = (
				3F35FA1417B7EEEF0029584F /* MainMenu.xib */,
				3F35FA0717B7EEEF0029584F /* SalaMacchine-Info.plist */,
				3F35FA0817B7EEEF0029584F /* InfoPlist.strings */,
				3F35FA0E17B7EEEF0029584F /* Credits.rtf */,
			);
			name = Resources;
			sourceTree = "<group>";
		};
		3F35FA1D17B7EFEF0029584F /* NI Protocol */ = {
			isa = PBXGroup;
			children = (
				3F35FA1E17B7F0060029584F /* NIAgent.h */,
				3F35FA1F17B7F0060029584F /* NIAgentClient.h */,
				3F35FA2017B7F0060029584F /* NIClient.h */,
				3F35FA2117B7F0060029584F /* NIControllerNotificationServer.h */,
				3F35FA2217B7F0060029584F /* NIControllerRequestClient.h */,
				3F35FA2317B7F0060029584F /* NIControllerRequestServer.h */,
				3F35FA2417B7F0060029584F /* NIImageConversions.h */,
				3F35FA2517B7F0060029584F /* NIMainHandlerClient.h */,
				3F35FA2617B7F0060029584F /* NIMainHandlerServer.h */,
				3F35FA2717B7F0060029584F /* NIMessage.h */,
				3F35FA2817B7F0060029584F /* NIMessageBases.h */,
				3F35FA2917B7F0060029584F /* NIProtocolMessages.h */,
				3F35FA2A17B7F0060029584F /* NIResponse.h */,
				3F35FA2B17B7F0060029584F /* NIServer.h */,
				3F35FA2C17B7F0060029584F /* TestImage.h */,
				3F35FA2D17B7F0060029584F /* NIAgent.m */,
				3F35FA2E17B7F0060029584F /* NIAgentClient.m */,
				3F35FA2F17B7F0060029584F /* NIClient.m */,
				3F35FA3017B7F0060029584F /* NIControllerNotificationServer.m */,
				3F35FA3117B7F0060029584F /* NIControllerRequestClient.m */,
				3F35FA3217B7F0060029584F /* NIControllerRequestServer.m */,
				3F35FA3317B7F0060029584F /* NIImageConversions.m */,
				3F35FA3417B7F0060029584F /* NIMainHandlerClient.m */,
				3F35FA3517B7F0060029584F /* NIMainHandlerServer.m */,
				3F35FA3617B7F0060029584F /* NIMessage.m */,
				3F35FA3717B7F0060029584F /* NIMessageBases.m */,
				3F35FA3817B7F0060029584F /* NIProtocolMessages.m */,
				3F35FA3917B7F0060029584F /* NIResponse.m */,
				3F35FA3A17B7F0060029584F /* NIServer.m */,
				3F35FA5517B828EA0029584F /* NIMaschineLayouts.h */,
			);
			name = "NI Protocol";
			sourceTree = "<group>";
		};
		3F35FA4C17B80D420029584F /* Logic Control */ = {
			isa = PBXGroup;
			children = (
				3F35FA5417B81E820029584F /* LCLogicControlLayout.h */,
				3F35FA4D17B80D530029584F /* LCLogicControl.h */,
				3F35FA4E17B80D530029584F /* LCLogicControl.m */,
			);
			name = "Logic Control";
			sourceTree = "<group>";
		};
/* End PBXGroup section */

/* Begin PBXNativeTarget section */
		3F35F9FB17B7EEEF0029584F /* SalaMacchine */ = {
			isa = PBXNativeTarget;
			buildConfigurationList = 3F35FA1917B7EEEF0029584F /* Build configuration list for PBXNativeTarget "SalaMacchine" */;
			buildPhases = (
				3F35F9F817B7EEEF0029584F /* Sources */,
				3F35F9F917B7EEEF0029584F /* Frameworks */,
				3F35F9FA17B7EEEF0029584F /* Resources */,
			);
			buildRules = (
			);
			dependencies = (
			);
			name = SalaMacchine;
			productName = SalaMacchine;
			productReference = 3F35F9FC17B7EEEF0029584F /* SalaMacchine.app */;
			productType = "com.apple.product-type.application";
		};
/* End PBXNativeTarget section */

/* Begin PBXProject section */
		3F35F9F417B7EEEF0029584F /* Project object */ = {
			isa = PBXProject;
			attributes = {
				CLASSPREFIX = SM;
				LastUpgradeCheck = 0460;
				ORGANIZATIONNAME = "Antonio \"Willy\" Malara";
			};
			buildConfigurationList = 3F35F9F717B7EEEF0029584F /* Build configuration list for PBXProject "SalaMacchine" */;
			compatibilityVersion = "Xcode 3.2";
			developmentRegion = English;
			hasScannedForEncodings = 0;
			knownRegions = (
				en,
			);
			mainGroup = 3F35F9F317B7EEEF0029584F;
			productRefGroup = 3F35F9FD17B7EEEF0029584F /* Products */;
			projectDirPath = "";
			projectRoot = "";
			targets = (
				3F35F9FB17B7EEEF0029584F /* SalaMacchine */,
			);
		};
/* End PBXProject section */

/* Begin PBXResourcesBuildPhase section */
		3F35F9FA17B7EEEF0029584F /* Resources */ = {
			isa = PBXResourcesBuildPhase;
			buildActionMask = 2147483647;
			files = (
				3F35FA0A17B7EEEF0029584F /* InfoPlist.strings in Resources */,
				3F35FA1017B7EEEF0029584F /* Credits.rtf in Resources */,
				3F35FA1617B7EEEF0029584F /* MainMenu.xib in Resources */,
			);
			runOnlyForDeploymentPostprocessing = 0;
		};
/* End PBXResourcesBuildPhase section */

/* Begin PBXSourcesBuildPhase section */
		3F35F9F817B7EEEF0029584F /* Sources */ = {
			isa = PBXSourcesBuildPhase;
			buildActionMask = 2147483647;
			files = (
				3F35FA0C17B7EEEF0029584F /* main.m in Sources */,
				3F35FA1317B7EEEF0029584F /* SMAppDelegate.m in Sources */,
				3F35FA3B17B7F0060029584F /* NIAgent.m in Sources */,
				3F35FA3C17B7F0060029584F /* NIAgentClient.m in Sources */,
				3F35FA3D17B7F0060029584F /* NIClient.m in Sources */,
				3F35FA3E17B7F0060029584F /* NIControllerNotificationServer.m in Sources */,
				3F35FA3F17B7F0060029584F /* NIControllerRequestClient.m in Sources */,
				3F35FA4017B7F0060029584F /* NIControllerRequestServer.m in Sources */,
				3F35FA4117B7F0060029584F /* NIImageConversions.m in Sources */,
				3F35FA4217B7F0060029584F /* NIMainHandlerClient.m in Sources */,
				3F35FA4317B7F0060029584F /* NIMainHandlerServer.m in Sources */,
				3F35FA4417B7F0060029584F /* NIMessage.m in Sources */,
				3F35FA4517B7F0060029584F /* NIMessageBases.m in Sources */,
				3F35FA4617B7F0060029584F /* NIProtocolMessages.m in Sources */,
				3F35FA4717B7F0060029584F /* NIResponse.m in Sources */,
				3F35FA4817B7F0060029584F /* NIServer.m in Sources */,
				3F35FA4B17B803690029584F /* SMController.m in Sources */,
				3F35FA4F17B80D530029584F /* LCLogicControl.m in Sources */,
			);
			runOnlyForDeploymentPostprocessing = 0;
		};
/* End PBXSourcesBuildPhase section */

/* Begin PBXVariantGroup section */
		3F35FA0817B7EEEF0029584F /* InfoPlist.strings */ = {
			isa = PBXVariantGroup;
			children = (
				3F35FA0917B7EEEF0029584F /* en */,
			);
			name = InfoPlist.strings;
			path = SalaMacchine;
			sourceTree = "<group>";
		};
		3F35FA0E17B7EEEF0029584F /* Credits.rtf */ = {
			isa = PBXVariantGroup;
			children = (
				3F35FA0F17B7EEEF0029584F /* en */,
			);
			name = Credits.rtf;
			path = SalaMacchine;
			sourceTree = "<group>";
		};
		3F35FA1417B7EEEF0029584F /* MainMenu.xib */ = {
			isa = PBXVariantGroup;
			children = (
				3F35FA1517B7EEEF0029584F /* en */,
			);
			name = MainMenu.xib;
			path = SalaMacchine;
			sourceTree = "<group>";
		};
/* End PBXVariantGroup section */

/* Begin XCBuildConfiguration section */
		3F35FA1717B7EEEF0029584F /* Debug */ = {
			isa = XCBuildConfiguration;
			buildSettings = {
				ALWAYS_SEARCH_USER_PATHS = NO;
				ARCHS = "$(ARCHS_STANDARD_64_BIT)";
				CLANG_CXX_LANGUAGE_STANDARD = "gnu++0x";
				CLANG_CXX_LIBRARY = "libc++";
				CLANG_ENABLE_OBJC_ARC = YES;
				CLANG_WARN_CONSTANT_CONVERSION = YES;
				CLANG_WARN_EMPTY_BODY = YES;
				CLANG_WARN_ENUM_CONVERSION = YES;
				CLANG_WARN_INT_CONVERSION = YES;
				CLANG_WARN__DUPLICATE_METHOD_MATCH = YES;
				COPY_PHASE_STRIP = NO;
				GCC_C_LANGUAGE_STANDARD = gnu99;
				GCC_DYNAMIC_NO_PIC = NO;
				GCC_ENABLE_OBJC_EXCEPTIONS = YES;
				GCC_OPTIMIZATION_LEVEL = 0;
				GCC_PREPROCESSOR_DEFINITIONS = (
					"DEBUG=1",
					"$(inherited)",
				);
				GCC_SYMBOLS_PRIVATE_EXTERN = NO;
				GCC_WARN_64_TO_32_BIT_CONVERSION = YES;
				GCC_WARN_ABOUT_RETURN_TYPE = YES;
				GCC_WARN_UNINITIALIZED_AUTOS = YES;
				GCC_WARN_UNUSED_VARIABLE = YES;
				MACOSX_DEPLOYMENT_TARGET = 10.8;
				ONLY_ACTIVE_ARCH = YES;
				SDKROOT = macosx;
			};
			name = Debug;
		};
		3F35FA1817B7EEEF0029584F /* Release */ = {
			isa = XCBuildConfiguration;
			buildSettings = {
				ALWAYS_SEARCH_USER_PATHS = NO;
				ARCHS = "$(ARCHS_STANDARD_64_BIT)";
				CLANG_CXX_LANGUAGE_STANDARD = "gnu++0x";
				CLANG_CXX_LIBRARY = "libc++";
				CLANG_ENABLE_OBJC_ARC = YES;
				CLANG_WARN_CONSTANT_CONVERSION = YES;
				CLANG_WARN_EMPTY_BODY = YES;
				CLANG_WARN_ENUM_CONVERSION = YES;
				CLANG_WARN_INT_CONVERSION = YES;
				CLANG_WARN__DUPLICATE_METHOD_MATCH = YES;
				COPY_PHASE_STRIP = YES;
				DEBUG_INFORMATION_FORMAT = "dwarf-with-dsym";
				GCC_C_LANGUAGE_STANDARD = gnu99;
				GCC_ENABLE_OBJC_EXCEPTIONS = YES;
				GCC_WARN_64_TO_32_BIT_CONVERSION = YES;
				GCC_WARN_ABOUT_RETURN_TYPE = YES;
				GCC_WARN_UNINITIALIZED_AUTOS = YES;
				GCC_WARN_UNUSED_VARIABLE = YES;
				MACOSX_DEPLOYMENT_TARGET = 10.8;
				SDKROOT = macosx;
			};
			name = Release;
		};
		3F35FA1A17B7EEEF0029584F /* Debug */ = {
			isa = XCBuildConfiguration;
			buildSettings = {
				COMBINE_HIDPI_IMAGES = YES;
				GCC_PRECOMPILE_PREFIX_HEADER = YES;
				GCC_PREFIX_HEADER = "SalaMacchine/SalaMacchine-Prefix.pch";
				INFOPLIST_FILE = "SalaMacchine/SalaMacchine-Info.plist";
				PRODUCT_NAME = "$(TARGET_NAME)";
				WRAPPER_EXTENSION = app;
			};
			name = Debug;
		};
		3F35FA1B17B7EEEF0029584F /* Release */ = {
			isa = XCBuildConfiguration;
			buildSettings = {
				COMBINE_HIDPI_IMAGES = YES;
				GCC_PRECOMPILE_PREFIX_HEADER = YES;
				GCC_PREFIX_HEADER = "SalaMacchine/SalaMacchine-Prefix.pch";
				INFOPLIST_FILE = "SalaMacchine/SalaMacchine-Info.plist";
				PRODUCT_NAME = "$(TARGET_NAME)";
				WRAPPER_EXTENSION = app;
			};
			name = Release;
		};
/* End XCBuildConfiguration section */

/* Begin XCConfigurationList section */
		3F35F9F717B7EEEF0029584F /* Build configuration list for PBXProject "SalaMacchine" */ = {
			isa = XCConfigurationList;
			buildConfigurations = (
				3F35FA1717B7EEEF0029584F /* Debug */,
				3F35FA1817B7EEEF0029584F /* Release */,
			);
			defaultConfigurationIsVisible = 0;
			defaultConfigurationName = Release;
		};
		3F35FA1917B7EEEF0029584F /* Build configuration list for PBXNativeTarget "SalaMacchine" */ = {
			isa = XCConfigurationList;
			buildConfigurations = (
				3F35FA1A17B7EEEF0029584F /* Debug */,
				3F35FA1B17B7EEEF0029584F /* Release */,
			);
			defaultConfigurationIsVisible = 0;
			defaultConfigurationName = Release;
		};
/* End XCConfigurationList section */
	};
	rootObject = 3F35F9F417B7EEEF0029584F /* Project object */;
}
